{
  "name": "gleip-runner",
  "version": "0.0.1",
  "lockfileVersion": 3,
  "requires": true,
  "packages": {
    "": {
      "name": "gleip-runner",
      "version": "0.0.1",
      "license": "MIT",
      "dependencies": {
        "ws": "^8.14.2"
      },
      "bin": {
        "gleip-runner": "dist/cli.js"
      },
      "devDependencies": {
        "@types/node": "^20.10.0",
        "@types/ws": "^8.5.10",
        "typescript": "^5.3.0"
      },
      "engines": {
        "node": ">=18.0.0"
      }
    },
    "node_modules/@types/node": {
      "version": "20.19.25",
      "resolved": "https://nexushost.is.adyen.com/repository/npm-internal/@types/node/-/node-20.19.25.tgz",
      "integrity": "sha512-kQBtc8AOACsO7L7qons8Tj1TikwK7FkH3s7zamYvgUuqF//S9KUopzA9ZYQCiQhLVzviKf3tWBY6gnDVA8Y7CA==",
      "dev": true,
      "license": "MIT",
      "dependencies": {
        "undici-types": "~6.21.0"
      }
    },
    "node_modules/@types/ws": {
      "version": "8.18.1",
      "resolved": "https://nexushost.is.adyen.com/repository/npm-internal/@types/ws/-/ws-8.18.1.tgz",
      "integrity": "sha512-WEgOOjeiNiH168mcYTtr+VChuz4b/gLe2w4IqLCV5Odv0ikIaTGi9/07m0hFH3PGzT8iJy+tntJherw1Sv0/wQ==",
      "dev": true,
      "license": "MIT",
      "dependencies": {
        "@types/node": "*"
      }
    },
    "node_modules/typescript": {
      "version": "5.9.3",
      "resolved": "https://nexushost.is.adyen.com/repository/npm-internal/typescript/-/typescript-5.9.3.tgz",
      "integrity": "sha512-zMz8bLGIaS3SkpO24RSIZDETYULI8g8O5mzSaD1tdE+8H9hX0e0oFJXudlCgMBAp7ITPPUiMs4PUENTTqKY+8A==",
      "dev": true,
      "license": "Apache-2.0",
      "bin": {
        "tsc": "bin/tsc",
        "tsserver": "bin/tsserver"
      },
      "engines": {
        "node": ">=14.17"
      }
    },
    "node_modules/undici-types": {
      "version": "6.21.0",
      "resolved": "https://nexushost.is.adyen.com/repository/npm-internal/undici-types/-/undici-types-6.21.0.tgz",
      "integrity": "sha512-Y1u5MpA7oTA9RoMgD4fdF+D1iGm7MtU2Yb76oXH2hJ/YjUjOD/Qm8XhDGVDDvBHyndjFZ9xR3AA7OPCsWVsCIw==",
      "dev": true,
      "license": "MIT"
    },
    "node_modules/ws": {
      "version": "8.18.3",
      "resolved": "https://nexushost.is.adyen.com/repository/npm-internal/ws/-/ws-8.18.3.tgz",
      "integrity": "sha512-QY5ycpB40DfiLk40GzKbGXcfbYU6W2eSsxfoa1Exwv5czwwyOf/gKTrvB3R0XU6+YfRfBYbDTvl9ZFCmvWGZPg==",
      "license": "MIT",
      "engines": {
        "node": ">=10.0.0"
      },
      "peerDependencies": {
        "bufferutil": "^4.0.1",
        "utf-8-validate": ">=5.0.2"
      },
      "peerDependenciesMeta": {
        "bufferutil": {
          "optional": true
        },
        "utf-8-validate": {
          "optional": true
        }
      }
    }
  }
}
